
Microsoft Visual Studio Solution File, Format Version 12.00
# Visual Studio Version 16
VisualStudioVersion = 16.0.30011.22
MinimumVisualStudioVersion = 10.0.40219.1
Project("{FAE04EC0-301F-11D3-BF4B-00C04F79EFBC}") = "UpworkPdfGenerator.App", "UpworkPdfGenerator.App\UpworkPdfGenerator.App.csproj", "{2E37195F-BA4E-446E-B565-21D2B62C0844}"
EndProject
Project("{FAE04EC0-301F-11D3-BF4B-00C04F79EFBC}") = "UpworkPdfGenerator.Lib", "UpworkPdfGenerator.Lib\UpworkPdfGenerator.Lib.csproj", "{F67A736B-2963-41BF-A45F-81072675DD42}"
EndProject
Project("{FAE04EC0-301F-11D3-BF4B-00C04F79EFBC}") = "UpworkPdfGenerator.Tests", "UpworkPdfGenerator.Tests\UpworkPdfGenerator.Tests.csproj", "{B4E1A214-50A0-4B3B-A678-11D72CAA94FF}"
EndProject
Project("{2150E333-8FDC-42A3-9474-1A3956D46DE8}") = "Solution Items", "Solution Items", "{54DF06FE-E35B-4AB1-A2CF-0CCA939BE3A2}"
	ProjectSection(SolutionItems) = preProject
		..\..\.gitattributes = ..\..\.gitattributes
		..\..\.gitignore = ..\..\.gitignore
		..\..\README.md = ..\..\README.md
	EndProjectSection
EndProject
Global
	GlobalSection(SolutionConfigurationPlatforms) = preSolution
		Debug|Any CPU = Debug|Any CPU
		Release|Any CPU = Release|Any CPU
	EndGlobalSection
	GlobalSection(ProjectConfigurationPlatforms) = postSolution
		{2E37195F-BA4E-446E-B565-21D2B62C0844}.Debug|Any CPU.ActiveCfg = Debug|Any CPU
		{2E37195F-BA4E-446E-B565-21D2B62C0844}.Debug|Any CPU.Build.0 = Debug|Any CPU
		{2E37195F-BA4E-446E-B565-21D2B62C0844}.Release|Any CPU.ActiveCfg = Release|Any CPU
		{2E37195F-BA4E-446E-B565-21D2B62C0844}.Release|Any CPU.Build.0 = Release|Any CPU
		{F67A736B-2963-41BF-A45F-81072675DD42}.Debug|Any CPU.ActiveCfg = Debug|Any CPU
		{F67A736B-2963-41BF-A45F-81072675DD42}.Debug|Any CPU.Build.0 = Debug|Any CPU
		{F67A736B-2963-41BF-A45F-81072675DD42}.Release|Any CPU.ActiveCfg = Release|Any CPU
		{F67A736B-2963-41BF-A45F-81072675DD42}.Release|Any CPU.Build.0 = Release|Any CPU
		{B4E1A214-50A0-4B3B-A678-11D72CAA94FF}.Debug|Any CPU.ActiveCfg = Debug|Any CPU
		{B4E1A214-50A0-4B3B-A678-11D72CAA94FF}.Debug|Any CPU.Build.0 = Debug|Any CPU
		{B4E1A214-50A0-4B3B-A678-11D72CAA94FF}.Release|Any CPU.ActiveCfg = Release|Any CPU
		{B4E1A214-50A0-4B3B-A678-11D72CAA94FF}.Release|Any CPU.Build.0 = Release|Any CPU
	EndGlobalSection
	GlobalSection(SolutionProperties) = preSolution
		HideSolutionNode = FALSE
	EndGlobalSection
	GlobalSection(ExtensibilityGlobals) = postSolution
		SolutionGuid = {32E687D3-028C-444A-B14B-6F2FCC22F0A3}
	EndGlobalSection
EndGlobal
